
Microsoft Visual Studio Solution File, Format Version 12.00
# Visual Studio 15
VisualStudioVersion = 15.0.28010.2036
MinimumVisualStudioVersion = 10.0.40219.1
Project("{8BC9CEB8-8B4A-11D0-8D11-00A0C91BC942}") = "Graphics-Template", "Graphics-Template\Graphics-Template.vcxproj", "{F37E0F09-BB16-4F33-B00A-513246FD21CD}"
EndProject
Global
	GlobalSection(SolutionConfigurationPlatforms) = preSolution
		Debug|x64 = Debug|x64
		Debug|x86 = Debug|x86
		Release|x64 = Release|x64
		Release|x86 = Release|x86
	EndGlobalSection
	GlobalSection(ProjectConfigurationPlatforms) = postSolution
		{F37E0F09-BB16-4F33-B00A-513246FD21CD}.Debug|x64.ActiveCfg = Debug|x64
		{F37E0F09-BB16-4F33-B00A-513246FD21CD}.Debug|x64.Build.0 = Debug|x64
		{F37E0F09-BB16-4F33-B00A-513246FD21CD}.Debug|x86.ActiveCfg = Debug|Win32
		{F37E0F09-BB16-4F33-B00A-513246FD21CD}.Debug|x86.Build.0 = Debug|Win32
		{F37E0F09-BB16-4F33-B00A-513246FD21CD}.Release|x64.ActiveCfg = Release|x64
		{F37E0F09-BB16-4F33-B00A-513246FD21CD}.Release|x64.Build.0 = Release|x64
		{F37E0F09-BB16-4F33-B00A-513246FD21CD}.Release|x86.ActiveCfg = Release|Win32
		{F37E0F09-BB16-4F33-B00A-513246FD21CD}.Release|x86.Build.0 = Release|Win32
	EndGlobalSection
	GlobalSection(SolutionProperties) = preSolution
		HideSolutionNode = FALSE
	EndGlobalSection
	GlobalSection(ExtensibilityGlobals) = postSolution
		SolutionGuid = {D8F04BC4-784F-4CA6-AD31-5E583FD89F3A}
	EndGlobalSection
EndGlobal
